
Microsoft Visual Studio Solution File, Format Version 12.00
# Visual Studio Version 17
VisualStudioVersion = 17.7.34221.43
MinimumVisualStudioVersion = 10.0.40219.1
Project("{FAE04EC0-301F-11D3-BF4B-00C04F79EFBC}") = "CoffeeEcommerceLib", "CoffeeEcommerceLib\CoffeeEcommerceLib.csproj", "{44863AB9-027E-441D-A993-DA1427E62D62}"
EndProject
Project("{FAE04EC0-301F-11D3-BF4B-00C04F79EFBC}") = "CoffeeLibrary", "CoffeeLibrary\CoffeeLibrary.csproj", "{D451866A-9A68-4C0D-951C-11382E486A22}"
EndProject
Project("{FAE04EC0-301F-11D3-BF4B-00C04F79EFBC}") = "UCLogin", "UCLogin\UCLogin.csproj", "{49580448-301F-4D2C-958A-0C86D5F1AD42}"
EndProject
Project("{FAE04EC0-301F-11D3-BF4B-00C04F79EFBC}") = "UCProduct", "UCProduct\UCProduct.csproj", "{F606C48A-88E9-4197-8197-29E29E164186}"
EndProject
Global
	GlobalSection(SolutionConfigurationPlatforms) = preSolution
		Debug|Any CPU = Debug|Any CPU
		Release|Any CPU = Release|Any CPU
	EndGlobalSection
	GlobalSection(ProjectConfigurationPlatforms) = postSolution
		{44863AB9-027E-441D-A993-DA1427E62D62}.Debug|Any CPU.ActiveCfg = Debug|Any CPU
		{44863AB9-027E-441D-A993-DA1427E62D62}.Debug|Any CPU.Build.0 = Debug|Any CPU
		{44863AB9-027E-441D-A993-DA1427E62D62}.Release|Any CPU.ActiveCfg = Release|Any CPU
		{44863AB9-027E-441D-A993-DA1427E62D62}.Release|Any CPU.Build.0 = Release|Any CPU
		{D451866A-9A68-4C0D-951C-11382E486A22}.Debug|Any CPU.ActiveCfg = Debug|Any CPU
		{D451866A-9A68-4C0D-951C-11382E486A22}.Debug|Any CPU.Build.0 = Debug|Any CPU
		{D451866A-9A68-4C0D-951C-11382E486A22}.Release|Any CPU.ActiveCfg = Release|Any CPU
		{D451866A-9A68-4C0D-951C-11382E486A22}.Release|Any CPU.Build.0 = Release|Any CPU
		{49580448-301F-4D2C-958A-0C86D5F1AD42}.Debug|Any CPU.ActiveCfg = Debug|Any CPU
		{49580448-301F-4D2C-958A-0C86D5F1AD42}.Debug|Any CPU.Build.0 = Debug|Any CPU
		{49580448-301F-4D2C-958A-0C86D5F1AD42}.Release|Any CPU.ActiveCfg = Release|Any CPU
		{49580448-301F-4D2C-958A-0C86D5F1AD42}.Release|Any CPU.Build.0 = Release|Any CPU
		{F606C48A-88E9-4197-8197-29E29E164186}.Debug|Any CPU.ActiveCfg = Debug|Any CPU
		{F606C48A-88E9-4197-8197-29E29E164186}.Debug|Any CPU.Build.0 = Debug|Any CPU
		{F606C48A-88E9-4197-8197-29E29E164186}.Release|Any CPU.ActiveCfg = Release|Any CPU
		{F606C48A-88E9-4197-8197-29E29E164186}.Release|Any CPU.Build.0 = Release|Any CPU
	EndGlobalSection
	GlobalSection(SolutionProperties) = preSolution
		HideSolutionNode = FALSE
	EndGlobalSection
	GlobalSection(ExtensibilityGlobals) = postSolution
		SolutionGuid = {FF92E942-8278-452C-B0FA-201249AE7024}
	EndGlobalSection
EndGlobal
