
Microsoft Visual Studio Solution File, Format Version 12.00
# Visual Studio Version 17
VisualStudioVersion = 17.7.34221.43
MinimumVisualStudioVersion = 10.0.40219.1
Project("{FAE04EC0-301F-11D3-BF4B-00C04F79EFBC}") = "CoffeeEcommerceLib", "CoffeeEcommerceLib\CoffeeEcommerceLib.csproj", "{44863AB9-027E-441D-A993-DA1427E62D62}"
EndProject
Project("{FAE04EC0-301F-11D3-BF4B-00C04F79EFBC}") = "CoffeeLibrary", "CoffeeLibrary\CoffeeLibrary.csproj", "{D451866A-9A68-4C0D-951C-11382E486A22}"
EndProject
Project("{FAE04EC0-301F-11D3-BF4B-00C04F79EFBC}") = "UCLogin", "UCLogin\UCLogin.csproj", "{49580448-301F-4D2C-958A-0C86D5F1AD42}"
EndProject
Project("{FAE04EC0-301F-11D3-BF4B-00C04F79EFBC}") = "UCProduct", "UCProduct\UCProduct.csproj", "{F606C48A-88E9-4197-8197-29E29E164186}"
EndProject
Project("{FAE04EC0-301F-11D3-BF4B-00C04F79EFBC}") = "UCOrder", "UCOrder\UCOrder.csproj", "{DC12CB33-8394-41A9-8703-31F98DD104BA}"
EndProject
Project("{FAE04EC0-301F-11D3-BF4B-00C04F79EFBC}") = "UCCategory", "UCCategory\UCCategory.csproj", "{A00559C1-9362-4BF4-B33C-FEB9FD0F6683}"
EndProject
Project("{FAE04EC0-301F-11D3-BF4B-00C04F79EFBC}") = "UCSize", "UCSize\UCSize.csproj", "{9C841CC9-5095-4172-8F71-184F4AA96EB9}"
EndProject
Project("{FAE04EC0-301F-11D3-BF4B-00C04F79EFBC}") = "UCTopping", "UCTopping\UCTopping.csproj", "{C1F0A28F-516F-4CBB-9309-7AC5D732DE5E}"
EndProject
Project("{FAE04EC0-301F-11D3-BF4B-00C04F79EFBC}") = "UCRevenue", "UCRevenue\UCRevenue.csproj", "{B94AE232-1B39-47AE-9DA4-6EF3986803CE}"
EndProject
Global
	GlobalSection(SolutionConfigurationPlatforms) = preSolution
		Debug|Any CPU = Debug|Any CPU
		Release|Any CPU = Release|Any CPU
	EndGlobalSection
	GlobalSection(ProjectConfigurationPlatforms) = postSolution
		{44863AB9-027E-441D-A993-DA1427E62D62}.Debug|Any CPU.ActiveCfg = Debug|Any CPU
		{44863AB9-027E-441D-A993-DA1427E62D62}.Debug|Any CPU.Build.0 = Debug|Any CPU
		{44863AB9-027E-441D-A993-DA1427E62D62}.Release|Any CPU.ActiveCfg = Release|Any CPU
		{44863AB9-027E-441D-A993-DA1427E62D62}.Release|Any CPU.Build.0 = Release|Any CPU
		{D451866A-9A68-4C0D-951C-11382E486A22}.Debug|Any CPU.ActiveCfg = Debug|Any CPU
		{D451866A-9A68-4C0D-951C-11382E486A22}.Debug|Any CPU.Build.0 = Debug|Any CPU
		{D451866A-9A68-4C0D-951C-11382E486A22}.Release|Any CPU.ActiveCfg = Release|Any CPU
		{D451866A-9A68-4C0D-951C-11382E486A22}.Release|Any CPU.Build.0 = Release|Any CPU
		{49580448-301F-4D2C-958A-0C86D5F1AD42}.Debug|Any CPU.ActiveCfg = Debug|Any CPU
		{49580448-301F-4D2C-958A-0C86D5F1AD42}.Debug|Any CPU.Build.0 = Debug|Any CPU
		{49580448-301F-4D2C-958A-0C86D5F1AD42}.Release|Any CPU.ActiveCfg = Release|Any CPU
		{49580448-301F-4D2C-958A-0C86D5F1AD42}.Release|Any CPU.Build.0 = Release|Any CPU
		{F606C48A-88E9-4197-8197-29E29E164186}.Debug|Any CPU.ActiveCfg = Debug|Any CPU
		{F606C48A-88E9-4197-8197-29E29E164186}.Debug|Any CPU.Build.0 = Debug|Any CPU
		{F606C48A-88E9-4197-8197-29E29E164186}.Release|Any CPU.ActiveCfg = Release|Any CPU
		{F606C48A-88E9-4197-8197-29E29E164186}.Release|Any CPU.Build.0 = Release|Any CPU
		{DC12CB33-8394-41A9-8703-31F98DD104BA}.Debug|Any CPU.ActiveCfg = Debug|Any CPU
		{DC12CB33-8394-41A9-8703-31F98DD104BA}.Debug|Any CPU.Build.0 = Debug|Any CPU
		{DC12CB33-8394-41A9-8703-31F98DD104BA}.Release|Any CPU.ActiveCfg = Release|Any CPU
		{DC12CB33-8394-41A9-8703-31F98DD104BA}.Release|Any CPU.Build.0 = Release|Any CPU
		{A00559C1-9362-4BF4-B33C-FEB9FD0F6683}.Debug|Any CPU.ActiveCfg = Debug|Any CPU
		{A00559C1-9362-4BF4-B33C-FEB9FD0F6683}.Debug|Any CPU.Build.0 = Debug|Any CPU
		{A00559C1-9362-4BF4-B33C-FEB9FD0F6683}.Release|Any CPU.ActiveCfg = Release|Any CPU
		{A00559C1-9362-4BF4-B33C-FEB9FD0F6683}.Release|Any CPU.Build.0 = Release|Any CPU
		{9C841CC9-5095-4172-8F71-184F4AA96EB9}.Debug|Any CPU.ActiveCfg = Debug|Any CPU
		{9C841CC9-5095-4172-8F71-184F4AA96EB9}.Debug|Any CPU.Build.0 = Debug|Any CPU
		{9C841CC9-5095-4172-8F71-184F4AA96EB9}.Release|Any CPU.ActiveCfg = Release|Any CPU
		{9C841CC9-5095-4172-8F71-184F4AA96EB9}.Release|Any CPU.Build.0 = Release|Any CPU
		{C1F0A28F-516F-4CBB-9309-7AC5D732DE5E}.Debug|Any CPU.ActiveCfg = Debug|Any CPU
		{C1F0A28F-516F-4CBB-9309-7AC5D732DE5E}.Debug|Any CPU.Build.0 = Debug|Any CPU
		{C1F0A28F-516F-4CBB-9309-7AC5D732DE5E}.Release|Any CPU.ActiveCfg = Release|Any CPU
		{C1F0A28F-516F-4CBB-9309-7AC5D732DE5E}.Release|Any CPU.Build.0 = Release|Any CPU
		{B94AE232-1B39-47AE-9DA4-6EF3986803CE}.Debug|Any CPU.ActiveCfg = Debug|Any CPU
		{B94AE232-1B39-47AE-9DA4-6EF3986803CE}.Debug|Any CPU.Build.0 = Debug|Any CPU
		{B94AE232-1B39-47AE-9DA4-6EF3986803CE}.Release|Any CPU.ActiveCfg = Release|Any CPU
		{B94AE232-1B39-47AE-9DA4-6EF3986803CE}.Release|Any CPU.Build.0 = Release|Any CPU
	EndGlobalSection
	GlobalSection(SolutionProperties) = preSolution
		HideSolutionNode = FALSE
	EndGlobalSection
	GlobalSection(ExtensibilityGlobals) = postSolution
		SolutionGuid = {FF92E942-8278-452C-B0FA-201249AE7024}
	EndGlobalSection
EndGlobal
